# @generated by Move, please check-in and do not edit manually.

[move]
version = 3
manifest_digest = "7E60C6FF00FAB85B2E46F259560F91EB5662FE435875404FE60FAB5C66C32E75"
deps_digest = "F8BBB0CCB2491CA29A3DF03D6F92277A4F3574266507ACD77214D37ECA3F3082"
dependencies = [
  { id = "Sui", name = "Sui" },
]

[[move.package]]
id = "MoveStdlib"
source = { git = "https://github.com/MystenLabs/sui.git", rev = "framework/testnet", subdir = "crates/sui-framework/packages/move-stdlib" }

[[move.package]]
id = "Sui"
source = { git = "https://github.com/MystenLabs/sui.git", rev = "framework/testnet", subdir = "crates/sui-framework/packages/sui-framework" }

dependencies = [
  { id = "MoveStdlib", name = "MoveStdlib" },
]

[move.toolchain-version]
compiler-version = "1.45.3"
edition = "2024.beta"
flavor = "sui"

[env]

[env.testnet]
chain-id = "4c78adac"
original-published-id = "0x2f6a2a07a5adcf464a32a04e259bc2aaa9275f02b00efc5e5f0e3587bae84d99"
latest-published-id = "0x2f6a2a07a5adcf464a32a04e259bc2aaa9275f02b00efc5e5f0e3587bae84d99"
published-version = "1"

[env.mainnet]
chain-id = "35834a8a"
original-published-id = "0x831d5788845b393177eb31b1cfe66b94c3014723d3551fcacab5c04c7a0d1f4f"
latest-published-id = "0x831d5788845b393177eb31b1cfe66b94c3014723d3551fcacab5c04c7a0d1f4f"
published-version = "1"
