# @generated by Move, please check-in and do not edit manually.

[move]
version = 3
manifest_digest = "592EEA2AF1C7A3F2B061B7BCEC3E55DBBDCA3581BED7F5BE13E2364F5C172AC5"
deps_digest = "F8BBB0CCB2491CA29A3DF03D6F92277A4F3574266507ACD77214D37ECA3F3082"
dependencies = [
  { id = "Sui", name = "Sui" },
]

[[move.package]]
id = "MoveStdlib"
source = { git = "https://github.com/MystenLabs/sui.git", rev = "framework/mainnet", subdir = "crates/sui-framework/packages/move-stdlib" }

[[move.package]]
id = "Sui"
source = { git = "https://github.com/MystenLabs/sui.git", rev = "framework/mainnet", subdir = "crates/sui-framework/packages/sui-framework" }

dependencies = [
  { id = "MoveStdlib", name = "MoveStdlib" },
]

[move.toolchain-version]
compiler-version = "1.45.3"
edition = "2024.beta"
flavor = "sui"

[env]

[env.testnet]
chain-id = "4c78adac"
original-published-id = "0x2f6a2a07a5adcf464a32a04e259bc2aaa9275f02b00efc5e5f0e3587bae84d99"
latest-published-id = "0x2f6a2a07a5adcf464a32a04e259bc2aaa9275f02b00efc5e5f0e3587bae84d99"
published-version = "1"

[env.mainnet]
chain-id = "35834a8a"
original-published-id = "0xfe927d5ae27baa747a841293602351778968649b0fa389c4fea4170dc48b907d"
latest-published-id = "0xfe927d5ae27baa747a841293602351778968649b0fa389c4fea4170dc48b907d"
published-version = "1"
